
Microsoft Visual Studio Solution File, Format Version 12.00
# Visual Studio Version 16
VisualStudioVersion = 16.0.35130.168
MinimumVisualStudioVersion = 10.0.40219.1
Project("{8BC9CEB8-8B4A-11D0-8D11-00A0C91BC942}") = "vector_test", "vector_test\vector_test.vcxproj", "{53C2810F-A448-4B60-9566-29A630E5180A}"
EndProject
Project("{8BC9CEB8-8B4A-11D0-8D11-00A0C91BC942}") = "LockTest", "LockTest\LockTest.vcxproj", "{8C5200AE-9BF0-4EE6-9D36-E9DF3D322023}"
EndProject
Project("{8BC9CEB8-8B4A-11D0-8D11-00A0C91BC942}") = "BinaryDataInStrTest", "BinaryDataInStrTest\BinaryDataInStrTest.vcxproj", "{21E7B7F4-EA05-4038-A271-9554DB2FA050}"
EndProject
Project("{8BC9CEB8-8B4A-11D0-8D11-00A0C91BC942}") = "UniquePtr-Test", "UniquePtr-Test\UniquePtr-Test.vcxproj", "{DD238C42-5175-4771-A796-9F3939676D2E}"
EndProject
Project("{8BC9CEB8-8B4A-11D0-8D11-00A0C91BC942}") = "map_test", "map_test\map_test.vcxproj", "{255886D8-824E-4E7B-AD7D-712D397E2154}"
EndProject
Project("{8BC9CEB8-8B4A-11D0-8D11-00A0C91BC942}") = "RegexTest", "RegexTest\RegexTest.vcxproj", "{CFFC5680-3C91-4CE8-B5BF-829D80E55E22}"
EndProject
Project("{8BC9CEB8-8B4A-11D0-8D11-00A0C91BC942}") = "ConditionVariableTest", "ConditionVariableTest\ConditionVariableTest.vcxproj", "{29B8EE1B-6EC1-4351-99D4-4FCBB16377E8}"
EndProject
Global
	GlobalSection(SolutionConfigurationPlatforms) = preSolution
		Debug|x64 = Debug|x64
		Debug|x86 = Debug|x86
		Release|x64 = Release|x64
		Release|x86 = Release|x86
	EndGlobalSection
	GlobalSection(ProjectConfigurationPlatforms) = postSolution
		{53C2810F-A448-4B60-9566-29A630E5180A}.Debug|x64.ActiveCfg = Debug|x64
		{53C2810F-A448-4B60-9566-29A630E5180A}.Debug|x64.Build.0 = Debug|x64
		{53C2810F-A448-4B60-9566-29A630E5180A}.Debug|x86.ActiveCfg = Debug|Win32
		{53C2810F-A448-4B60-9566-29A630E5180A}.Debug|x86.Build.0 = Debug|Win32
		{53C2810F-A448-4B60-9566-29A630E5180A}.Release|x64.ActiveCfg = Release|x64
		{53C2810F-A448-4B60-9566-29A630E5180A}.Release|x64.Build.0 = Release|x64
		{53C2810F-A448-4B60-9566-29A630E5180A}.Release|x86.ActiveCfg = Release|Win32
		{53C2810F-A448-4B60-9566-29A630E5180A}.Release|x86.Build.0 = Release|Win32
		{8C5200AE-9BF0-4EE6-9D36-E9DF3D322023}.Debug|x64.ActiveCfg = Debug|x64
		{8C5200AE-9BF0-4EE6-9D36-E9DF3D322023}.Debug|x64.Build.0 = Debug|x64
		{8C5200AE-9BF0-4EE6-9D36-E9DF3D322023}.Debug|x86.ActiveCfg = Debug|Win32
		{8C5200AE-9BF0-4EE6-9D36-E9DF3D322023}.Debug|x86.Build.0 = Debug|Win32
		{8C5200AE-9BF0-4EE6-9D36-E9DF3D322023}.Release|x64.ActiveCfg = Release|x64
		{8C5200AE-9BF0-4EE6-9D36-E9DF3D322023}.Release|x64.Build.0 = Release|x64
		{8C5200AE-9BF0-4EE6-9D36-E9DF3D322023}.Release|x86.ActiveCfg = Release|Win32
		{8C5200AE-9BF0-4EE6-9D36-E9DF3D322023}.Release|x86.Build.0 = Release|Win32
		{21E7B7F4-EA05-4038-A271-9554DB2FA050}.Debug|x64.ActiveCfg = Debug|x64
		{21E7B7F4-EA05-4038-A271-9554DB2FA050}.Debug|x64.Build.0 = Debug|x64
		{21E7B7F4-EA05-4038-A271-9554DB2FA050}.Debug|x86.ActiveCfg = Debug|Win32
		{21E7B7F4-EA05-4038-A271-9554DB2FA050}.Debug|x86.Build.0 = Debug|Win32
		{21E7B7F4-EA05-4038-A271-9554DB2FA050}.Release|x64.ActiveCfg = Release|x64
		{21E7B7F4-EA05-4038-A271-9554DB2FA050}.Release|x64.Build.0 = Release|x64
		{21E7B7F4-EA05-4038-A271-9554DB2FA050}.Release|x86.ActiveCfg = Release|Win32
		{21E7B7F4-EA05-4038-A271-9554DB2FA050}.Release|x86.Build.0 = Release|Win32
		{DD238C42-5175-4771-A796-9F3939676D2E}.Debug|x64.ActiveCfg = Debug|x64
		{DD238C42-5175-4771-A796-9F3939676D2E}.Debug|x64.Build.0 = Debug|x64
		{DD238C42-5175-4771-A796-9F3939676D2E}.Debug|x86.ActiveCfg = Debug|Win32
		{DD238C42-5175-4771-A796-9F3939676D2E}.Debug|x86.Build.0 = Debug|Win32
		{DD238C42-5175-4771-A796-9F3939676D2E}.Release|x64.ActiveCfg = Release|x64
		{DD238C42-5175-4771-A796-9F3939676D2E}.Release|x64.Build.0 = Release|x64
		{DD238C42-5175-4771-A796-9F3939676D2E}.Release|x86.ActiveCfg = Release|Win32
		{DD238C42-5175-4771-A796-9F3939676D2E}.Release|x86.Build.0 = Release|Win32
		{255886D8-824E-4E7B-AD7D-712D397E2154}.Debug|x64.ActiveCfg = Debug|x64
		{255886D8-824E-4E7B-AD7D-712D397E2154}.Debug|x64.Build.0 = Debug|x64
		{255886D8-824E-4E7B-AD7D-712D397E2154}.Debug|x86.ActiveCfg = Debug|Win32
		{255886D8-824E-4E7B-AD7D-712D397E2154}.Debug|x86.Build.0 = Debug|Win32
		{255886D8-824E-4E7B-AD7D-712D397E2154}.Release|x64.ActiveCfg = Release|x64
		{255886D8-824E-4E7B-AD7D-712D397E2154}.Release|x64.Build.0 = Release|x64
		{255886D8-824E-4E7B-AD7D-712D397E2154}.Release|x86.ActiveCfg = Release|Win32
		{255886D8-824E-4E7B-AD7D-712D397E2154}.Release|x86.Build.0 = Release|Win32
		{CFFC5680-3C91-4CE8-B5BF-829D80E55E22}.Debug|x64.ActiveCfg = Debug|x64
		{CFFC5680-3C91-4CE8-B5BF-829D80E55E22}.Debug|x64.Build.0 = Debug|x64
		{CFFC5680-3C91-4CE8-B5BF-829D80E55E22}.Debug|x86.ActiveCfg = Debug|Win32
		{CFFC5680-3C91-4CE8-B5BF-829D80E55E22}.Debug|x86.Build.0 = Debug|Win32
		{CFFC5680-3C91-4CE8-B5BF-829D80E55E22}.Release|x64.ActiveCfg = Release|x64
		{CFFC5680-3C91-4CE8-B5BF-829D80E55E22}.Release|x64.Build.0 = Release|x64
		{CFFC5680-3C91-4CE8-B5BF-829D80E55E22}.Release|x86.ActiveCfg = Release|Win32
		{CFFC5680-3C91-4CE8-B5BF-829D80E55E22}.Release|x86.Build.0 = Release|Win32
		{29B8EE1B-6EC1-4351-99D4-4FCBB16377E8}.Debug|x64.ActiveCfg = Debug|x64
		{29B8EE1B-6EC1-4351-99D4-4FCBB16377E8}.Debug|x64.Build.0 = Debug|x64
		{29B8EE1B-6EC1-4351-99D4-4FCBB16377E8}.Debug|x86.ActiveCfg = Debug|Win32
		{29B8EE1B-6EC1-4351-99D4-4FCBB16377E8}.Debug|x86.Build.0 = Debug|Win32
		{29B8EE1B-6EC1-4351-99D4-4FCBB16377E8}.Release|x64.ActiveCfg = Release|x64
		{29B8EE1B-6EC1-4351-99D4-4FCBB16377E8}.Release|x64.Build.0 = Release|x64
		{29B8EE1B-6EC1-4351-99D4-4FCBB16377E8}.Release|x86.ActiveCfg = Release|Win32
		{29B8EE1B-6EC1-4351-99D4-4FCBB16377E8}.Release|x86.Build.0 = Release|Win32
	EndGlobalSection
	GlobalSection(SolutionProperties) = preSolution
		HideSolutionNode = FALSE
	EndGlobalSection
	GlobalSection(ExtensibilityGlobals) = postSolution
		SolutionGuid = {5854E746-3116-4447-87A3-F9B326B97322}
	EndGlobalSection
EndGlobal
