
Microsoft Visual Studio Solution File, Format Version 12.00
# Visual Studio Version 16
VisualStudioVersion = 16.0.36602.28
MinimumVisualStudioVersion = 10.0.40219.1
Project("{8BC9CEB8-8B4A-11D0-8D11-00A0C91BC942}") = "GetSigningTimestamp", "GetSigningTimestamp\GetSigningTimestamp.vcxproj", "{732277D4-934D-4F38-B24D-AC7E0DFBC1DD}"
EndProject
Global
	GlobalSection(SolutionConfigurationPlatforms) = preSolution
		Debug|x64 = Debug|x64
		Debug|x86 = Debug|x86
		Release|x64 = Release|x64
		Release|x86 = Release|x86
	EndGlobalSection
	GlobalSection(ProjectConfigurationPlatforms) = postSolution
		{732277D4-934D-4F38-B24D-AC7E0DFBC1DD}.Debug|x64.ActiveCfg = Debug|x64
		{732277D4-934D-4F38-B24D-AC7E0DFBC1DD}.Debug|x64.Build.0 = Debug|x64
		{732277D4-934D-4F38-B24D-AC7E0DFBC1DD}.Debug|x86.ActiveCfg = Debug|Win32
		{732277D4-934D-4F38-B24D-AC7E0DFBC1DD}.Debug|x86.Build.0 = Debug|Win32
		{732277D4-934D-4F38-B24D-AC7E0DFBC1DD}.Release|x64.ActiveCfg = Release|x64
		{732277D4-934D-4F38-B24D-AC7E0DFBC1DD}.Release|x64.Build.0 = Release|x64
		{732277D4-934D-4F38-B24D-AC7E0DFBC1DD}.Release|x86.ActiveCfg = Release|Win32
		{732277D4-934D-4F38-B24D-AC7E0DFBC1DD}.Release|x86.Build.0 = Release|Win32
	EndGlobalSection
	GlobalSection(SolutionProperties) = preSolution
		HideSolutionNode = FALSE
	EndGlobalSection
	GlobalSection(ExtensibilityGlobals) = postSolution
		SolutionGuid = {C537D2E6-D95B-4525-B995-401F762416CD}
	EndGlobalSection
EndGlobal
