
Microsoft Visual Studio Solution File, Format Version 12.00
# Visual Studio Version 16
VisualStudioVersion = 16.0.32510.428
MinimumVisualStudioVersion = 10.0.40219.1
Project("{8BC9CEB8-8B4A-11D0-8D11-00A0C91BC942}") = "CleanAndInitDisk", "CleanAndInitDisk\CleanAndInitDisk.vcxproj", "{D96D1C6F-6C60-46FE-85DC-3E7F45536725}"
EndProject
Project("{8BC9CEB8-8B4A-11D0-8D11-00A0C91BC942}") = "DriverBindingTest", "DriverBindingTest\DriverBindingTest.vcxproj", "{3BCAA2F2-9180-4213-A6CE-36910DA51CE9}"
EndProject
Project("{8BC9CEB8-8B4A-11D0-8D11-00A0C91BC942}") = "DumpPhysicalDiskData", "DumpPhysicalDiskData\DumpPhysicalDiskData.vcxproj", "{6AED6463-7D1D-4AC1-BE63-49030AD7664B}"
EndProject
Project("{8BC9CEB8-8B4A-11D0-8D11-00A0C91BC942}") = "EnumAndOpenDevInterface", "EnumAndOpenDevInterface\EnumAndOpenDevInterface.vcxproj", "{71C51682-E407-40EA-B0A1-AE17788D08A6}"
EndProject
Project("{8BC9CEB8-8B4A-11D0-8D11-00A0C91BC942}") = "EnumNVMeAndGetFirmwareInfo", "EnumNVMeAndGetFirmwareInfo\EnumNVMeAndGetFirmwareInfo.vcxproj", "{4561E31B-081C-43BD-933E-854F8FCF34E7}"
EndProject
Project("{8BC9CEB8-8B4A-11D0-8D11-00A0C91BC942}") = "EnumPhysicalDisks", "EnumPhysicalDisks\EnumPhysicalDisks.vcxproj", "{1B051B1D-E32B-4B5D-B35B-87D9FBE77338}"
EndProject
Project("{8BC9CEB8-8B4A-11D0-8D11-00A0C91BC942}") = "FindDeviceNodeByHwId", "FindDeviceNodeByHwId\FindDeviceNodeByHwId.vcxproj", "{CDB500B7-6763-4DD4-BBA6-315B90977905}"
EndProject
Project("{8BC9CEB8-8B4A-11D0-8D11-00A0C91BC942}") = "IoctlDiskPerfOnOff", "IoctlDiskPerfOnOff\IoctlDiskPerfOnOff.vcxproj", "{1C80E06C-5BA9-49C2-8857-527FF5331F39}"
EndProject
Project("{8BC9CEB8-8B4A-11D0-8D11-00A0C91BC942}") = "ListHDDInstance", "ListHDDInstance\ListHDDInstance.vcxproj", "{2A7E8A2F-710A-4997-BD99-090ABD147D4B}"
EndProject
Project("{8BC9CEB8-8B4A-11D0-8D11-00A0C91BC942}") = "ListPhysicalDiskPartitions", "ListPhysicalDiskPartitions\ListPhysicalDiskPartitions.vcxproj", "{5F169C72-48B2-4159-9BA9-C6ADC718FF2F}"
EndProject
Project("{8BC9CEB8-8B4A-11D0-8D11-00A0C91BC942}") = "QueryDeviceBDF", "QueryDeviceBDF\QueryDeviceBDF.vcxproj", "{EA90D20A-419D-4931-8CE2-A2291A462404}"
EndProject
Project("{8BC9CEB8-8B4A-11D0-8D11-00A0C91BC942}") = "QueryNQNtoBDF", "QueryNQNtoBDF\QueryNQNtoBDF.vcxproj", "{A00EEFA0-ACBA-40CA-A036-736AA3FB6738}"
EndProject
Project("{8BC9CEB8-8B4A-11D0-8D11-00A0C91BC942}") = "QueryPhysicalDiskProperties", "QueryPhysicalDiskProperties\QueryPhysicalDiskProperties.vcxproj", "{29B0E339-0083-41D6-A379-B1D5C77940DD}"
EndProject
Project("{8BC9CEB8-8B4A-11D0-8D11-00A0C91BC942}") = "QuerySmartInfo", "QuerySmartInfo\QuerySmartInfo.vcxproj", "{1077299C-0136-4D35-99AA-1824A3A5949E}"
EndProject
Project("{8BC9CEB8-8B4A-11D0-8D11-00A0C91BC942}") = "QuerySmartInfoFromAdapter", "QuerySmartInfoFromAdapter\QuerySmartInfoFromAdapter.vcxproj", "{AF10D92C-8E27-4AEC-825D-E591D5EF1BD8}"
EndProject
Project("{8BC9CEB8-8B4A-11D0-8D11-00A0C91BC942}") = "SetPhyDiskReadonlyTest", "SetPhyDiskReadonlyTest\SetPhyDiskReadonlyTest.vcxproj", "{0DD8D48E-CE2A-4EC8-A205-A94504FA0729}"
EndProject
Project("{8BC9CEB8-8B4A-11D0-8D11-00A0C91BC942}") = "WriteDataToPhysicalDisk", "WriteDataToPhysicalDisk\WriteDataToPhysicalDisk.vcxproj", "{B806CF80-513C-40DA-9352-3316A9BE5FB1}"
EndProject
Project("{8BC9CEB8-8B4A-11D0-8D11-00A0C91BC942}") = "EnumMountedPartitionOnDisk", "EnumMountedPartitionOnDisk\EnumMountedPartitionOnDisk.vcxproj", "{7117A26E-8BFA-49CB-AB58-A6FEA1964FF8}"
EndProject
Project("{8BC9CEB8-8B4A-11D0-8D11-00A0C91BC942}") = "QueryControllerByPhysicalDisk", "QueryControllerByPhysicalDisk\QueryControllerByPhysicalDisk.vcxproj", "{2A68EAC8-044B-446E-B782-98FD3B9D9C06}"
EndProject
Project("{8BC9CEB8-8B4A-11D0-8D11-00A0C91BC942}") = "ListBusyStorageController", "ListBusyStorageController\ListBusyStorageController.vcxproj", "{1A3FE4CF-B789-49DC-879F-464DC64C79BD}"
EndProject
Project("{8BC9CEB8-8B4A-11D0-8D11-00A0C91BC942}") = "StorageHBAFirmwareUpdate", "StorageHBAFirmwareUpdate\StorageHBAFirmwareUpdate.vcxproj", "{B5B8BAB4-4525-4CCD-83D9-7E72FB7F5D83}"
EndProject
Project("{8BC9CEB8-8B4A-11D0-8D11-00A0C91BC942}") = "StorageHBAGetFirmwareInfo", "StorageHBAGetFirmwareInfo\StorageHBAGetFirmwareInfo.vcxproj", "{FB79248C-78D0-468A-8E29-C308D3B7AAD7}"
EndProject
Project("{8BC9CEB8-8B4A-11D0-8D11-00A0C91BC942}") = "SED_QueryByDisk", "SED_QueryByDisk\SED_QueryByDisk.vcxproj", "{FDD43999-BF55-4BE4-9526-DE4D613B2A4D}"
EndProject
Project("{8BC9CEB8-8B4A-11D0-8D11-00A0C91BC942}") = "SED_DiscoveryByController", "SED_DiscoveryByController\SED_DiscoveryByController.vcxproj", "{C2F2F1F1-52BC-4F93-9427-62F48C5C7BDD}"
EndProject
Global
	GlobalSection(SolutionConfigurationPlatforms) = preSolution
		Debug|x64 = Debug|x64
		Debug|x86 = Debug|x86
		Release|x64 = Release|x64
		Release|x86 = Release|x86
	EndGlobalSection
	GlobalSection(ProjectConfigurationPlatforms) = postSolution
		{D96D1C6F-6C60-46FE-85DC-3E7F45536725}.Debug|x64.ActiveCfg = Debug|x64
		{D96D1C6F-6C60-46FE-85DC-3E7F45536725}.Debug|x64.Build.0 = Debug|x64
		{D96D1C6F-6C60-46FE-85DC-3E7F45536725}.Debug|x86.ActiveCfg = Debug|Win32
		{D96D1C6F-6C60-46FE-85DC-3E7F45536725}.Debug|x86.Build.0 = Debug|Win32
		{D96D1C6F-6C60-46FE-85DC-3E7F45536725}.Release|x64.ActiveCfg = Release|x64
		{D96D1C6F-6C60-46FE-85DC-3E7F45536725}.Release|x64.Build.0 = Release|x64
		{D96D1C6F-6C60-46FE-85DC-3E7F45536725}.Release|x86.ActiveCfg = Release|Win32
		{D96D1C6F-6C60-46FE-85DC-3E7F45536725}.Release|x86.Build.0 = Release|Win32
		{3BCAA2F2-9180-4213-A6CE-36910DA51CE9}.Debug|x64.ActiveCfg = Debug|x64
		{3BCAA2F2-9180-4213-A6CE-36910DA51CE9}.Debug|x64.Build.0 = Debug|x64
		{3BCAA2F2-9180-4213-A6CE-36910DA51CE9}.Debug|x86.ActiveCfg = Debug|Win32
		{3BCAA2F2-9180-4213-A6CE-36910DA51CE9}.Debug|x86.Build.0 = Debug|Win32
		{3BCAA2F2-9180-4213-A6CE-36910DA51CE9}.Release|x64.ActiveCfg = Release|x64
		{3BCAA2F2-9180-4213-A6CE-36910DA51CE9}.Release|x64.Build.0 = Release|x64
		{3BCAA2F2-9180-4213-A6CE-36910DA51CE9}.Release|x86.ActiveCfg = Release|Win32
		{3BCAA2F2-9180-4213-A6CE-36910DA51CE9}.Release|x86.Build.0 = Release|Win32
		{6AED6463-7D1D-4AC1-BE63-49030AD7664B}.Debug|x64.ActiveCfg = Debug|x64
		{6AED6463-7D1D-4AC1-BE63-49030AD7664B}.Debug|x64.Build.0 = Debug|x64
		{6AED6463-7D1D-4AC1-BE63-49030AD7664B}.Debug|x86.ActiveCfg = Debug|Win32
		{6AED6463-7D1D-4AC1-BE63-49030AD7664B}.Debug|x86.Build.0 = Debug|Win32
		{6AED6463-7D1D-4AC1-BE63-49030AD7664B}.Release|x64.ActiveCfg = Release|x64
		{6AED6463-7D1D-4AC1-BE63-49030AD7664B}.Release|x64.Build.0 = Release|x64
		{6AED6463-7D1D-4AC1-BE63-49030AD7664B}.Release|x86.ActiveCfg = Release|Win32
		{6AED6463-7D1D-4AC1-BE63-49030AD7664B}.Release|x86.Build.0 = Release|Win32
		{71C51682-E407-40EA-B0A1-AE17788D08A6}.Debug|x64.ActiveCfg = Debug|x64
		{71C51682-E407-40EA-B0A1-AE17788D08A6}.Debug|x64.Build.0 = Debug|x64
		{71C51682-E407-40EA-B0A1-AE17788D08A6}.Debug|x86.ActiveCfg = Debug|Win32
		{71C51682-E407-40EA-B0A1-AE17788D08A6}.Debug|x86.Build.0 = Debug|Win32
		{71C51682-E407-40EA-B0A1-AE17788D08A6}.Release|x64.ActiveCfg = Release|x64
		{71C51682-E407-40EA-B0A1-AE17788D08A6}.Release|x64.Build.0 = Release|x64
		{71C51682-E407-40EA-B0A1-AE17788D08A6}.Release|x86.ActiveCfg = Release|Win32
		{71C51682-E407-40EA-B0A1-AE17788D08A6}.Release|x86.Build.0 = Release|Win32
		{4561E31B-081C-43BD-933E-854F8FCF34E7}.Debug|x64.ActiveCfg = Debug|x64
		{4561E31B-081C-43BD-933E-854F8FCF34E7}.Debug|x64.Build.0 = Debug|x64
		{4561E31B-081C-43BD-933E-854F8FCF34E7}.Debug|x86.ActiveCfg = Debug|Win32
		{4561E31B-081C-43BD-933E-854F8FCF34E7}.Debug|x86.Build.0 = Debug|Win32
		{4561E31B-081C-43BD-933E-854F8FCF34E7}.Release|x64.ActiveCfg = Release|x64
		{4561E31B-081C-43BD-933E-854F8FCF34E7}.Release|x64.Build.0 = Release|x64
		{4561E31B-081C-43BD-933E-854F8FCF34E7}.Release|x86.ActiveCfg = Release|Win32
		{4561E31B-081C-43BD-933E-854F8FCF34E7}.Release|x86.Build.0 = Release|Win32
		{1B051B1D-E32B-4B5D-B35B-87D9FBE77338}.Debug|x64.ActiveCfg = Debug|x64
		{1B051B1D-E32B-4B5D-B35B-87D9FBE77338}.Debug|x64.Build.0 = Debug|x64
		{1B051B1D-E32B-4B5D-B35B-87D9FBE77338}.Debug|x86.ActiveCfg = Debug|Win32
		{1B051B1D-E32B-4B5D-B35B-87D9FBE77338}.Debug|x86.Build.0 = Debug|Win32
		{1B051B1D-E32B-4B5D-B35B-87D9FBE77338}.Release|x64.ActiveCfg = Release|x64
		{1B051B1D-E32B-4B5D-B35B-87D9FBE77338}.Release|x64.Build.0 = Release|x64
		{1B051B1D-E32B-4B5D-B35B-87D9FBE77338}.Release|x86.ActiveCfg = Release|Win32
		{1B051B1D-E32B-4B5D-B35B-87D9FBE77338}.Release|x86.Build.0 = Release|Win32
		{CDB500B7-6763-4DD4-BBA6-315B90977905}.Debug|x64.ActiveCfg = Debug|x64
		{CDB500B7-6763-4DD4-BBA6-315B90977905}.Debug|x64.Build.0 = Debug|x64
		{CDB500B7-6763-4DD4-BBA6-315B90977905}.Debug|x86.ActiveCfg = Debug|Win32
		{CDB500B7-6763-4DD4-BBA6-315B90977905}.Debug|x86.Build.0 = Debug|Win32
		{CDB500B7-6763-4DD4-BBA6-315B90977905}.Release|x64.ActiveCfg = Release|x64
		{CDB500B7-6763-4DD4-BBA6-315B90977905}.Release|x64.Build.0 = Release|x64
		{CDB500B7-6763-4DD4-BBA6-315B90977905}.Release|x86.ActiveCfg = Release|Win32
		{CDB500B7-6763-4DD4-BBA6-315B90977905}.Release|x86.Build.0 = Release|Win32
		{1C80E06C-5BA9-49C2-8857-527FF5331F39}.Debug|x64.ActiveCfg = Debug|x64
		{1C80E06C-5BA9-49C2-8857-527FF5331F39}.Debug|x64.Build.0 = Debug|x64
		{1C80E06C-5BA9-49C2-8857-527FF5331F39}.Debug|x86.ActiveCfg = Debug|Win32
		{1C80E06C-5BA9-49C2-8857-527FF5331F39}.Debug|x86.Build.0 = Debug|Win32
		{1C80E06C-5BA9-49C2-8857-527FF5331F39}.Release|x64.ActiveCfg = Release|x64
		{1C80E06C-5BA9-49C2-8857-527FF5331F39}.Release|x64.Build.0 = Release|x64
		{1C80E06C-5BA9-49C2-8857-527FF5331F39}.Release|x86.ActiveCfg = Release|Win32
		{1C80E06C-5BA9-49C2-8857-527FF5331F39}.Release|x86.Build.0 = Release|Win32
		{2A7E8A2F-710A-4997-BD99-090ABD147D4B}.Debug|x64.ActiveCfg = Debug|x64
		{2A7E8A2F-710A-4997-BD99-090ABD147D4B}.Debug|x64.Build.0 = Debug|x64
		{2A7E8A2F-710A-4997-BD99-090ABD147D4B}.Debug|x86.ActiveCfg = Debug|Win32
		{2A7E8A2F-710A-4997-BD99-090ABD147D4B}.Debug|x86.Build.0 = Debug|Win32
		{2A7E8A2F-710A-4997-BD99-090ABD147D4B}.Release|x64.ActiveCfg = Release|x64
		{2A7E8A2F-710A-4997-BD99-090ABD147D4B}.Release|x64.Build.0 = Release|x64
		{2A7E8A2F-710A-4997-BD99-090ABD147D4B}.Release|x86.ActiveCfg = Release|Win32
		{2A7E8A2F-710A-4997-BD99-090ABD147D4B}.Release|x86.Build.0 = Release|Win32
		{5F169C72-48B2-4159-9BA9-C6ADC718FF2F}.Debug|x64.ActiveCfg = Debug|x64
		{5F169C72-48B2-4159-9BA9-C6ADC718FF2F}.Debug|x64.Build.0 = Debug|x64
		{5F169C72-48B2-4159-9BA9-C6ADC718FF2F}.Debug|x86.ActiveCfg = Debug|Win32
		{5F169C72-48B2-4159-9BA9-C6ADC718FF2F}.Debug|x86.Build.0 = Debug|Win32
		{5F169C72-48B2-4159-9BA9-C6ADC718FF2F}.Release|x64.ActiveCfg = Release|x64
		{5F169C72-48B2-4159-9BA9-C6ADC718FF2F}.Release|x64.Build.0 = Release|x64
		{5F169C72-48B2-4159-9BA9-C6ADC718FF2F}.Release|x86.ActiveCfg = Release|Win32
		{5F169C72-48B2-4159-9BA9-C6ADC718FF2F}.Release|x86.Build.0 = Release|Win32
		{EA90D20A-419D-4931-8CE2-A2291A462404}.Debug|x64.ActiveCfg = Debug|x64
		{EA90D20A-419D-4931-8CE2-A2291A462404}.Debug|x64.Build.0 = Debug|x64
		{EA90D20A-419D-4931-8CE2-A2291A462404}.Debug|x86.ActiveCfg = Debug|Win32
		{EA90D20A-419D-4931-8CE2-A2291A462404}.Debug|x86.Build.0 = Debug|Win32
		{EA90D20A-419D-4931-8CE2-A2291A462404}.Release|x64.ActiveCfg = Release|x64
		{EA90D20A-419D-4931-8CE2-A2291A462404}.Release|x64.Build.0 = Release|x64
		{EA90D20A-419D-4931-8CE2-A2291A462404}.Release|x86.ActiveCfg = Release|Win32
		{EA90D20A-419D-4931-8CE2-A2291A462404}.Release|x86.Build.0 = Release|Win32
		{A00EEFA0-ACBA-40CA-A036-736AA3FB6738}.Debug|x64.ActiveCfg = Debug|x64
		{A00EEFA0-ACBA-40CA-A036-736AA3FB6738}.Debug|x64.Build.0 = Debug|x64
		{A00EEFA0-ACBA-40CA-A036-736AA3FB6738}.Debug|x86.ActiveCfg = Debug|Win32
		{A00EEFA0-ACBA-40CA-A036-736AA3FB6738}.Debug|x86.Build.0 = Debug|Win32
		{A00EEFA0-ACBA-40CA-A036-736AA3FB6738}.Release|x64.ActiveCfg = Release|x64
		{A00EEFA0-ACBA-40CA-A036-736AA3FB6738}.Release|x64.Build.0 = Release|x64
		{A00EEFA0-ACBA-40CA-A036-736AA3FB6738}.Release|x86.ActiveCfg = Release|Win32
		{A00EEFA0-ACBA-40CA-A036-736AA3FB6738}.Release|x86.Build.0 = Release|Win32
		{29B0E339-0083-41D6-A379-B1D5C77940DD}.Debug|x64.ActiveCfg = Debug|x64
		{29B0E339-0083-41D6-A379-B1D5C77940DD}.Debug|x64.Build.0 = Debug|x64
		{29B0E339-0083-41D6-A379-B1D5C77940DD}.Debug|x86.ActiveCfg = Debug|Win32
		{29B0E339-0083-41D6-A379-B1D5C77940DD}.Debug|x86.Build.0 = Debug|Win32
		{29B0E339-0083-41D6-A379-B1D5C77940DD}.Release|x64.ActiveCfg = Release|x64
		{29B0E339-0083-41D6-A379-B1D5C77940DD}.Release|x64.Build.0 = Release|x64
		{29B0E339-0083-41D6-A379-B1D5C77940DD}.Release|x86.ActiveCfg = Release|Win32
		{29B0E339-0083-41D6-A379-B1D5C77940DD}.Release|x86.Build.0 = Release|Win32
		{1077299C-0136-4D35-99AA-1824A3A5949E}.Debug|x64.ActiveCfg = Debug|x64
		{1077299C-0136-4D35-99AA-1824A3A5949E}.Debug|x64.Build.0 = Debug|x64
		{1077299C-0136-4D35-99AA-1824A3A5949E}.Debug|x86.ActiveCfg = Debug|Win32
		{1077299C-0136-4D35-99AA-1824A3A5949E}.Debug|x86.Build.0 = Debug|Win32
		{1077299C-0136-4D35-99AA-1824A3A5949E}.Release|x64.ActiveCfg = Release|x64
		{1077299C-0136-4D35-99AA-1824A3A5949E}.Release|x64.Build.0 = Release|x64
		{1077299C-0136-4D35-99AA-1824A3A5949E}.Release|x86.ActiveCfg = Release|Win32
		{1077299C-0136-4D35-99AA-1824A3A5949E}.Release|x86.Build.0 = Release|Win32
		{AF10D92C-8E27-4AEC-825D-E591D5EF1BD8}.Debug|x64.ActiveCfg = Debug|x64
		{AF10D92C-8E27-4AEC-825D-E591D5EF1BD8}.Debug|x64.Build.0 = Debug|x64
		{AF10D92C-8E27-4AEC-825D-E591D5EF1BD8}.Debug|x86.ActiveCfg = Debug|Win32
		{AF10D92C-8E27-4AEC-825D-E591D5EF1BD8}.Debug|x86.Build.0 = Debug|Win32
		{AF10D92C-8E27-4AEC-825D-E591D5EF1BD8}.Release|x64.ActiveCfg = Release|x64
		{AF10D92C-8E27-4AEC-825D-E591D5EF1BD8}.Release|x64.Build.0 = Release|x64
		{AF10D92C-8E27-4AEC-825D-E591D5EF1BD8}.Release|x86.ActiveCfg = Release|Win32
		{AF10D92C-8E27-4AEC-825D-E591D5EF1BD8}.Release|x86.Build.0 = Release|Win32
		{0DD8D48E-CE2A-4EC8-A205-A94504FA0729}.Debug|x64.ActiveCfg = Debug|x64
		{0DD8D48E-CE2A-4EC8-A205-A94504FA0729}.Debug|x64.Build.0 = Debug|x64
		{0DD8D48E-CE2A-4EC8-A205-A94504FA0729}.Debug|x86.ActiveCfg = Debug|Win32
		{0DD8D48E-CE2A-4EC8-A205-A94504FA0729}.Debug|x86.Build.0 = Debug|Win32
		{0DD8D48E-CE2A-4EC8-A205-A94504FA0729}.Release|x64.ActiveCfg = Release|x64
		{0DD8D48E-CE2A-4EC8-A205-A94504FA0729}.Release|x64.Build.0 = Release|x64
		{0DD8D48E-CE2A-4EC8-A205-A94504FA0729}.Release|x86.ActiveCfg = Release|Win32
		{0DD8D48E-CE2A-4EC8-A205-A94504FA0729}.Release|x86.Build.0 = Release|Win32
		{B806CF80-513C-40DA-9352-3316A9BE5FB1}.Debug|x64.ActiveCfg = Debug|x64
		{B806CF80-513C-40DA-9352-3316A9BE5FB1}.Debug|x64.Build.0 = Debug|x64
		{B806CF80-513C-40DA-9352-3316A9BE5FB1}.Debug|x86.ActiveCfg = Debug|Win32
		{B806CF80-513C-40DA-9352-3316A9BE5FB1}.Debug|x86.Build.0 = Debug|Win32
		{B806CF80-513C-40DA-9352-3316A9BE5FB1}.Release|x64.ActiveCfg = Release|x64
		{B806CF80-513C-40DA-9352-3316A9BE5FB1}.Release|x64.Build.0 = Release|x64
		{B806CF80-513C-40DA-9352-3316A9BE5FB1}.Release|x86.ActiveCfg = Release|Win32
		{B806CF80-513C-40DA-9352-3316A9BE5FB1}.Release|x86.Build.0 = Release|Win32
		{7117A26E-8BFA-49CB-AB58-A6FEA1964FF8}.Debug|x64.ActiveCfg = Debug|x64
		{7117A26E-8BFA-49CB-AB58-A6FEA1964FF8}.Debug|x64.Build.0 = Debug|x64
		{7117A26E-8BFA-49CB-AB58-A6FEA1964FF8}.Debug|x86.ActiveCfg = Debug|Win32
		{7117A26E-8BFA-49CB-AB58-A6FEA1964FF8}.Debug|x86.Build.0 = Debug|Win32
		{7117A26E-8BFA-49CB-AB58-A6FEA1964FF8}.Release|x64.ActiveCfg = Release|x64
		{7117A26E-8BFA-49CB-AB58-A6FEA1964FF8}.Release|x64.Build.0 = Release|x64
		{7117A26E-8BFA-49CB-AB58-A6FEA1964FF8}.Release|x86.ActiveCfg = Release|Win32
		{7117A26E-8BFA-49CB-AB58-A6FEA1964FF8}.Release|x86.Build.0 = Release|Win32
		{2A68EAC8-044B-446E-B782-98FD3B9D9C06}.Debug|x64.ActiveCfg = Debug|x64
		{2A68EAC8-044B-446E-B782-98FD3B9D9C06}.Debug|x64.Build.0 = Debug|x64
		{2A68EAC8-044B-446E-B782-98FD3B9D9C06}.Debug|x86.ActiveCfg = Debug|Win32
		{2A68EAC8-044B-446E-B782-98FD3B9D9C06}.Debug|x86.Build.0 = Debug|Win32
		{2A68EAC8-044B-446E-B782-98FD3B9D9C06}.Release|x64.ActiveCfg = Release|x64
		{2A68EAC8-044B-446E-B782-98FD3B9D9C06}.Release|x64.Build.0 = Release|x64
		{2A68EAC8-044B-446E-B782-98FD3B9D9C06}.Release|x86.ActiveCfg = Release|Win32
		{2A68EAC8-044B-446E-B782-98FD3B9D9C06}.Release|x86.Build.0 = Release|Win32
		{1A3FE4CF-B789-49DC-879F-464DC64C79BD}.Debug|x64.ActiveCfg = Debug|x64
		{1A3FE4CF-B789-49DC-879F-464DC64C79BD}.Debug|x64.Build.0 = Debug|x64
		{1A3FE4CF-B789-49DC-879F-464DC64C79BD}.Debug|x86.ActiveCfg = Debug|Win32
		{1A3FE4CF-B789-49DC-879F-464DC64C79BD}.Debug|x86.Build.0 = Debug|Win32
		{1A3FE4CF-B789-49DC-879F-464DC64C79BD}.Release|x64.ActiveCfg = Release|x64
		{1A3FE4CF-B789-49DC-879F-464DC64C79BD}.Release|x64.Build.0 = Release|x64
		{1A3FE4CF-B789-49DC-879F-464DC64C79BD}.Release|x86.ActiveCfg = Release|Win32
		{1A3FE4CF-B789-49DC-879F-464DC64C79BD}.Release|x86.Build.0 = Release|Win32
		{B5B8BAB4-4525-4CCD-83D9-7E72FB7F5D83}.Debug|x64.ActiveCfg = Debug|x64
		{B5B8BAB4-4525-4CCD-83D9-7E72FB7F5D83}.Debug|x64.Build.0 = Debug|x64
		{B5B8BAB4-4525-4CCD-83D9-7E72FB7F5D83}.Debug|x86.ActiveCfg = Debug|Win32
		{B5B8BAB4-4525-4CCD-83D9-7E72FB7F5D83}.Debug|x86.Build.0 = Debug|Win32
		{B5B8BAB4-4525-4CCD-83D9-7E72FB7F5D83}.Release|x64.ActiveCfg = Release|x64
		{B5B8BAB4-4525-4CCD-83D9-7E72FB7F5D83}.Release|x64.Build.0 = Release|x64
		{B5B8BAB4-4525-4CCD-83D9-7E72FB7F5D83}.Release|x86.ActiveCfg = Release|Win32
		{B5B8BAB4-4525-4CCD-83D9-7E72FB7F5D83}.Release|x86.Build.0 = Release|Win32
		{FB79248C-78D0-468A-8E29-C308D3B7AAD7}.Debug|x64.ActiveCfg = Debug|x64
		{FB79248C-78D0-468A-8E29-C308D3B7AAD7}.Debug|x64.Build.0 = Debug|x64
		{FB79248C-78D0-468A-8E29-C308D3B7AAD7}.Debug|x86.ActiveCfg = Debug|Win32
		{FB79248C-78D0-468A-8E29-C308D3B7AAD7}.Debug|x86.Build.0 = Debug|Win32
		{FB79248C-78D0-468A-8E29-C308D3B7AAD7}.Release|x64.ActiveCfg = Release|x64
		{FB79248C-78D0-468A-8E29-C308D3B7AAD7}.Release|x64.Build.0 = Release|x64
		{FB79248C-78D0-468A-8E29-C308D3B7AAD7}.Release|x86.ActiveCfg = Release|Win32
		{FB79248C-78D0-468A-8E29-C308D3B7AAD7}.Release|x86.Build.0 = Release|Win32
		{FDD43999-BF55-4BE4-9526-DE4D613B2A4D}.Debug|x64.ActiveCfg = Debug|x64
		{FDD43999-BF55-4BE4-9526-DE4D613B2A4D}.Debug|x64.Build.0 = Debug|x64
		{FDD43999-BF55-4BE4-9526-DE4D613B2A4D}.Debug|x86.ActiveCfg = Debug|Win32
		{FDD43999-BF55-4BE4-9526-DE4D613B2A4D}.Debug|x86.Build.0 = Debug|Win32
		{FDD43999-BF55-4BE4-9526-DE4D613B2A4D}.Release|x64.ActiveCfg = Release|x64
		{FDD43999-BF55-4BE4-9526-DE4D613B2A4D}.Release|x64.Build.0 = Release|x64
		{FDD43999-BF55-4BE4-9526-DE4D613B2A4D}.Release|x86.ActiveCfg = Release|Win32
		{FDD43999-BF55-4BE4-9526-DE4D613B2A4D}.Release|x86.Build.0 = Release|Win32
		{C2F2F1F1-52BC-4F93-9427-62F48C5C7BDD}.Debug|x64.ActiveCfg = Debug|x64
		{C2F2F1F1-52BC-4F93-9427-62F48C5C7BDD}.Debug|x64.Build.0 = Debug|x64
		{C2F2F1F1-52BC-4F93-9427-62F48C5C7BDD}.Debug|x86.ActiveCfg = Debug|Win32
		{C2F2F1F1-52BC-4F93-9427-62F48C5C7BDD}.Debug|x86.Build.0 = Debug|Win32
		{C2F2F1F1-52BC-4F93-9427-62F48C5C7BDD}.Release|x64.ActiveCfg = Release|x64
		{C2F2F1F1-52BC-4F93-9427-62F48C5C7BDD}.Release|x64.Build.0 = Release|x64
		{C2F2F1F1-52BC-4F93-9427-62F48C5C7BDD}.Release|x86.ActiveCfg = Release|Win32
		{C2F2F1F1-52BC-4F93-9427-62F48C5C7BDD}.Release|x86.Build.0 = Release|Win32
	EndGlobalSection
	GlobalSection(SolutionProperties) = preSolution
		HideSolutionNode = FALSE
	EndGlobalSection
	GlobalSection(ExtensibilityGlobals) = postSolution
		SolutionGuid = {4012B09F-994F-4696-A41A-312226BACC47}
	EndGlobalSection
EndGlobal
