
Microsoft Visual Studio Solution File, Format Version 12.00
# Visual Studio Version 16
VisualStudioVersion = 16.0.32630.194
MinimumVisualStudioVersion = 10.0.40219.1
Project("{8BC9CEB8-8B4A-11D0-8D11-00A0C91BC942}") = "BackgroundExecute", "BackgroundExecute\BackgroundExecute.vcxproj", "{9F2BAC73-E199-4935-B6E9-9E4547A9A42A}"
EndProject
Project("{8BC9CEB8-8B4A-11D0-8D11-00A0C91BC942}") = "ConsoleCtrlHandlerTest", "ConsoleCtrlHandlerTest\ConsoleCtrlHandlerTest.vcxproj", "{BB3EB12E-1A3E-42D9-9C5D-95E55C2DADB2}"
EndProject
Project("{8BC9CEB8-8B4A-11D0-8D11-00A0C91BC942}") = "ConsoleRegisterDeviceEvents", "ConsoleRegisterDeviceEvents\ConsoleRegisterDeviceEvents.vcxproj", "{66A70412-E191-4C3B-BE3D-684F88D46C6B}"
EndProject
Project("{8BC9CEB8-8B4A-11D0-8D11-00A0C91BC942}") = "ReadChildProcessStdout", "ReadChildProcessStdout\ReadChildProcessStdout.vcxproj", "{2BE2EA6B-6821-4A6C-8524-FF76AA5A8B1A}"
EndProject
Project("{8BC9CEB8-8B4A-11D0-8D11-00A0C91BC942}") = "ManifestTest", "ManifestTest\ManifestTest.vcxproj", "{4A825E5E-E717-41D3-ACB0-93AEC3378ECE}"
EndProject
Project("{8BC9CEB8-8B4A-11D0-8D11-00A0C91BC942}") = "StartAndIgnoreProcessTest", "StartAndIgnoreProcessTest\StartAndIgnoreProcessTest.vcxproj", "{6F63EA16-BEF3-490D-9A29-AF2590060713}"
EndProject
Project("{8BC9CEB8-8B4A-11D0-8D11-00A0C91BC942}") = "MsiExtractor", "MsiExtractor\MsiExtractor.vcxproj", "{29BFD432-A56E-4593-8CF6-0182C93F2C83}"
EndProject
Project("{8BC9CEB8-8B4A-11D0-8D11-00A0C91BC942}") = "DefaultCodePageTest", "DefaultCodePageTest\DefaultCodePageTest.vcxproj", "{38B2194E-D90B-4439-A461-6C0A1282DD8C}"
EndProject
Project("{8BC9CEB8-8B4A-11D0-8D11-00A0C91BC942}") = "ExceptionHandlerTest", "ExceptionHandlerTest\ExceptionHandlerTest.vcxproj", "{D2C0643F-B63D-43D0-B856-239C667E1DFF}"
EndProject
Project("{8BC9CEB8-8B4A-11D0-8D11-00A0C91BC942}") = "GetSpecialDirTest", "GetSpecialDirTest\GetSpecialDirTest.vcxproj", "{5A2AE16E-4FFA-4080-9A38-7B201A36B41D}"
EndProject
Global
	GlobalSection(SolutionConfigurationPlatforms) = preSolution
		Debug|x64 = Debug|x64
		Debug|x86 = Debug|x86
		Release|x64 = Release|x64
		Release|x86 = Release|x86
	EndGlobalSection
	GlobalSection(ProjectConfigurationPlatforms) = postSolution
		{9F2BAC73-E199-4935-B6E9-9E4547A9A42A}.Debug|x64.ActiveCfg = Debug|x64
		{9F2BAC73-E199-4935-B6E9-9E4547A9A42A}.Debug|x64.Build.0 = Debug|x64
		{9F2BAC73-E199-4935-B6E9-9E4547A9A42A}.Debug|x86.ActiveCfg = Debug|Win32
		{9F2BAC73-E199-4935-B6E9-9E4547A9A42A}.Debug|x86.Build.0 = Debug|Win32
		{9F2BAC73-E199-4935-B6E9-9E4547A9A42A}.Release|x64.ActiveCfg = Release|x64
		{9F2BAC73-E199-4935-B6E9-9E4547A9A42A}.Release|x64.Build.0 = Release|x64
		{9F2BAC73-E199-4935-B6E9-9E4547A9A42A}.Release|x86.ActiveCfg = Release|Win32
		{9F2BAC73-E199-4935-B6E9-9E4547A9A42A}.Release|x86.Build.0 = Release|Win32
		{BB3EB12E-1A3E-42D9-9C5D-95E55C2DADB2}.Debug|x64.ActiveCfg = Debug|x64
		{BB3EB12E-1A3E-42D9-9C5D-95E55C2DADB2}.Debug|x64.Build.0 = Debug|x64
		{BB3EB12E-1A3E-42D9-9C5D-95E55C2DADB2}.Debug|x86.ActiveCfg = Debug|Win32
		{BB3EB12E-1A3E-42D9-9C5D-95E55C2DADB2}.Debug|x86.Build.0 = Debug|Win32
		{BB3EB12E-1A3E-42D9-9C5D-95E55C2DADB2}.Release|x64.ActiveCfg = Release|x64
		{BB3EB12E-1A3E-42D9-9C5D-95E55C2DADB2}.Release|x64.Build.0 = Release|x64
		{BB3EB12E-1A3E-42D9-9C5D-95E55C2DADB2}.Release|x86.ActiveCfg = Release|Win32
		{BB3EB12E-1A3E-42D9-9C5D-95E55C2DADB2}.Release|x86.Build.0 = Release|Win32
		{66A70412-E191-4C3B-BE3D-684F88D46C6B}.Debug|x64.ActiveCfg = Debug|x64
		{66A70412-E191-4C3B-BE3D-684F88D46C6B}.Debug|x64.Build.0 = Debug|x64
		{66A70412-E191-4C3B-BE3D-684F88D46C6B}.Debug|x86.ActiveCfg = Debug|Win32
		{66A70412-E191-4C3B-BE3D-684F88D46C6B}.Debug|x86.Build.0 = Debug|Win32
		{66A70412-E191-4C3B-BE3D-684F88D46C6B}.Release|x64.ActiveCfg = Release|x64
		{66A70412-E191-4C3B-BE3D-684F88D46C6B}.Release|x64.Build.0 = Release|x64
		{66A70412-E191-4C3B-BE3D-684F88D46C6B}.Release|x86.ActiveCfg = Release|Win32
		{66A70412-E191-4C3B-BE3D-684F88D46C6B}.Release|x86.Build.0 = Release|Win32
		{2BE2EA6B-6821-4A6C-8524-FF76AA5A8B1A}.Debug|x64.ActiveCfg = Debug|x64
		{2BE2EA6B-6821-4A6C-8524-FF76AA5A8B1A}.Debug|x64.Build.0 = Debug|x64
		{2BE2EA6B-6821-4A6C-8524-FF76AA5A8B1A}.Debug|x86.ActiveCfg = Debug|Win32
		{2BE2EA6B-6821-4A6C-8524-FF76AA5A8B1A}.Debug|x86.Build.0 = Debug|Win32
		{2BE2EA6B-6821-4A6C-8524-FF76AA5A8B1A}.Release|x64.ActiveCfg = Release|x64
		{2BE2EA6B-6821-4A6C-8524-FF76AA5A8B1A}.Release|x64.Build.0 = Release|x64
		{2BE2EA6B-6821-4A6C-8524-FF76AA5A8B1A}.Release|x86.ActiveCfg = Release|Win32
		{2BE2EA6B-6821-4A6C-8524-FF76AA5A8B1A}.Release|x86.Build.0 = Release|Win32
		{4A825E5E-E717-41D3-ACB0-93AEC3378ECE}.Debug|x64.ActiveCfg = Debug|x64
		{4A825E5E-E717-41D3-ACB0-93AEC3378ECE}.Debug|x64.Build.0 = Debug|x64
		{4A825E5E-E717-41D3-ACB0-93AEC3378ECE}.Debug|x86.ActiveCfg = Debug|Win32
		{4A825E5E-E717-41D3-ACB0-93AEC3378ECE}.Debug|x86.Build.0 = Debug|Win32
		{4A825E5E-E717-41D3-ACB0-93AEC3378ECE}.Release|x64.ActiveCfg = Release|x64
		{4A825E5E-E717-41D3-ACB0-93AEC3378ECE}.Release|x64.Build.0 = Release|x64
		{4A825E5E-E717-41D3-ACB0-93AEC3378ECE}.Release|x86.ActiveCfg = Release|Win32
		{4A825E5E-E717-41D3-ACB0-93AEC3378ECE}.Release|x86.Build.0 = Release|Win32
		{6F63EA16-BEF3-490D-9A29-AF2590060713}.Debug|x64.ActiveCfg = Debug|x64
		{6F63EA16-BEF3-490D-9A29-AF2590060713}.Debug|x64.Build.0 = Debug|x64
		{6F63EA16-BEF3-490D-9A29-AF2590060713}.Debug|x86.ActiveCfg = Debug|Win32
		{6F63EA16-BEF3-490D-9A29-AF2590060713}.Debug|x86.Build.0 = Debug|Win32
		{6F63EA16-BEF3-490D-9A29-AF2590060713}.Release|x64.ActiveCfg = Release|x64
		{6F63EA16-BEF3-490D-9A29-AF2590060713}.Release|x64.Build.0 = Release|x64
		{6F63EA16-BEF3-490D-9A29-AF2590060713}.Release|x86.ActiveCfg = Release|Win32
		{6F63EA16-BEF3-490D-9A29-AF2590060713}.Release|x86.Build.0 = Release|Win32
		{29BFD432-A56E-4593-8CF6-0182C93F2C83}.Debug|x64.ActiveCfg = Debug|x64
		{29BFD432-A56E-4593-8CF6-0182C93F2C83}.Debug|x64.Build.0 = Debug|x64
		{29BFD432-A56E-4593-8CF6-0182C93F2C83}.Debug|x86.ActiveCfg = Debug|Win32
		{29BFD432-A56E-4593-8CF6-0182C93F2C83}.Debug|x86.Build.0 = Debug|Win32
		{29BFD432-A56E-4593-8CF6-0182C93F2C83}.Release|x64.ActiveCfg = Release|x64
		{29BFD432-A56E-4593-8CF6-0182C93F2C83}.Release|x64.Build.0 = Release|x64
		{29BFD432-A56E-4593-8CF6-0182C93F2C83}.Release|x86.ActiveCfg = Release|Win32
		{29BFD432-A56E-4593-8CF6-0182C93F2C83}.Release|x86.Build.0 = Release|Win32
		{38B2194E-D90B-4439-A461-6C0A1282DD8C}.Debug|x64.ActiveCfg = Debug|x64
		{38B2194E-D90B-4439-A461-6C0A1282DD8C}.Debug|x64.Build.0 = Debug|x64
		{38B2194E-D90B-4439-A461-6C0A1282DD8C}.Debug|x86.ActiveCfg = Debug|Win32
		{38B2194E-D90B-4439-A461-6C0A1282DD8C}.Debug|x86.Build.0 = Debug|Win32
		{38B2194E-D90B-4439-A461-6C0A1282DD8C}.Release|x64.ActiveCfg = Release|x64
		{38B2194E-D90B-4439-A461-6C0A1282DD8C}.Release|x64.Build.0 = Release|x64
		{38B2194E-D90B-4439-A461-6C0A1282DD8C}.Release|x86.ActiveCfg = Release|Win32
		{38B2194E-D90B-4439-A461-6C0A1282DD8C}.Release|x86.Build.0 = Release|Win32
		{D2C0643F-B63D-43D0-B856-239C667E1DFF}.Debug|x64.ActiveCfg = Debug|x64
		{D2C0643F-B63D-43D0-B856-239C667E1DFF}.Debug|x64.Build.0 = Debug|x64
		{D2C0643F-B63D-43D0-B856-239C667E1DFF}.Debug|x86.ActiveCfg = Debug|Win32
		{D2C0643F-B63D-43D0-B856-239C667E1DFF}.Debug|x86.Build.0 = Debug|Win32
		{D2C0643F-B63D-43D0-B856-239C667E1DFF}.Release|x64.ActiveCfg = Release|x64
		{D2C0643F-B63D-43D0-B856-239C667E1DFF}.Release|x64.Build.0 = Release|x64
		{D2C0643F-B63D-43D0-B856-239C667E1DFF}.Release|x86.ActiveCfg = Release|Win32
		{D2C0643F-B63D-43D0-B856-239C667E1DFF}.Release|x86.Build.0 = Release|Win32
		{5A2AE16E-4FFA-4080-9A38-7B201A36B41D}.Debug|x64.ActiveCfg = Debug|x64
		{5A2AE16E-4FFA-4080-9A38-7B201A36B41D}.Debug|x64.Build.0 = Debug|x64
		{5A2AE16E-4FFA-4080-9A38-7B201A36B41D}.Debug|x86.ActiveCfg = Debug|Win32
		{5A2AE16E-4FFA-4080-9A38-7B201A36B41D}.Debug|x86.Build.0 = Debug|Win32
		{5A2AE16E-4FFA-4080-9A38-7B201A36B41D}.Release|x64.ActiveCfg = Release|x64
		{5A2AE16E-4FFA-4080-9A38-7B201A36B41D}.Release|x64.Build.0 = Release|x64
		{5A2AE16E-4FFA-4080-9A38-7B201A36B41D}.Release|x86.ActiveCfg = Release|Win32
		{5A2AE16E-4FFA-4080-9A38-7B201A36B41D}.Release|x86.Build.0 = Release|Win32
	EndGlobalSection
	GlobalSection(SolutionProperties) = preSolution
		HideSolutionNode = FALSE
	EndGlobalSection
	GlobalSection(ExtensibilityGlobals) = postSolution
		SolutionGuid = {30968F98-05F0-4E5E-837E-3F6AE00B6E62}
	EndGlobalSection
EndGlobal
