
Microsoft Visual Studio Solution File, Format Version 12.00
# Visual Studio Version 16
VisualStudioVersion = 16.0.32630.194
MinimumVisualStudioVersion = 10.0.40219.1
Project("{8BC9CEB8-8B4A-11D0-8D11-00A0C91BC942}") = "StructureLayoutTest1", "StructureLayoutTest\StructureLayoutTest.vcxproj", "{37CF91D4-7877-49B4-B697-1FE435FE0EE5}"
EndProject
Project("{8BC9CEB8-8B4A-11D0-8D11-00A0C91BC942}") = "ResourceDLL", "ResourceDLL\ResourceDLL.vcxproj", "{10B82B60-9A4B-49A9-8D3A-5BA08C435487}"
EndProject
Project("{8BC9CEB8-8B4A-11D0-8D11-00A0C91BC942}") = "SimpleCrashTest", "SimpleCrashTest\SimpleCrashTest.vcxproj", "{CBFA6C31-8665-416A-A485-89A01FA80060}"
EndProject
Project("{8BC9CEB8-8B4A-11D0-8D11-00A0C91BC942}") = "ExceptionTest", "ExceptionTest\ExceptionTest.vcxproj", "{D032B2ED-1093-4190-A0D2-B61B27E61476}"
EndProject
Project("{8BC9CEB8-8B4A-11D0-8D11-00A0C91BC942}") = "AVX2Test", "AVX2Test\AVX2Test.vcxproj", "{89A043EB-29A3-4D64-9FB4-5C92690A0FB6}"
EndProject
Project("{8BC9CEB8-8B4A-11D0-8D11-00A0C91BC942}") = "ContinuousIoServiceTest", "ContinuousIoServiceTest\ContinuousIoServiceTest.vcxproj", "{8AE7876C-6CEE-456D-A560-19D25236E19B}"
EndProject
Project("{8BC9CEB8-8B4A-11D0-8D11-00A0C91BC942}") = "LoadWavFile", "LoadWavFile\LoadWavFile.vcxproj", "{00158D09-F656-4662-8E82-B8A6471E50D2}"
EndProject
Project("{8BC9CEB8-8B4A-11D0-8D11-00A0C91BC942}") = "MulticastTest", "MulticastTest\MulticastTest.vcxproj", "{3411D635-8AE5-4B72-B33B-F5F1DD3B9174}"
EndProject
Project("{8BC9CEB8-8B4A-11D0-8D11-00A0C91BC942}") = "Int128HexToStr", "Int128HexToStr\Int128HexToStr.vcxproj", "{5E31461A-E2CE-4206-BF66-EA1F69F7D32D}"
EndProject
Project("{8BC9CEB8-8B4A-11D0-8D11-00A0C91BC942}") = "LambdaTest", "LambdaTest\LambdaTest.vcxproj", "{E789C2F0-599D-4C18-BD71-B615B701460C}"
EndProject
Project("{8BC9CEB8-8B4A-11D0-8D11-00A0C91BC942}") = "HelloWorldTest", "HelloWorldTest\HelloWorldTest.vcxproj", "{5111199D-B89E-4410-BF07-2F9EFA161042}"
EndProject
Project("{8BC9CEB8-8B4A-11D0-8D11-00A0C91BC942}") = "2DArrayTest", "2DArrayTest\2DArrayTest.vcxproj", "{A4C0E71F-04CE-4929-982A-604E5B51198F}"
EndProject
Project("{8BC9CEB8-8B4A-11D0-8D11-00A0C91BC942}") = "RemoteThreadCrashTest", "RemoteThreadCrashTest\RemoteThreadCrashTest.vcxproj", "{A6191A9D-15D8-4DC0-A55B-CB2599B852EF}"
EndProject
Global
	GlobalSection(SolutionConfigurationPlatforms) = preSolution
		Debug|x64 = Debug|x64
		Debug|x86 = Debug|x86
		Release|x64 = Release|x64
		Release|x86 = Release|x86
	EndGlobalSection
	GlobalSection(ProjectConfigurationPlatforms) = postSolution
		{37CF91D4-7877-49B4-B697-1FE435FE0EE5}.Debug|x64.ActiveCfg = Debug|x64
		{37CF91D4-7877-49B4-B697-1FE435FE0EE5}.Debug|x64.Build.0 = Debug|x64
		{37CF91D4-7877-49B4-B697-1FE435FE0EE5}.Debug|x86.ActiveCfg = Debug|Win32
		{37CF91D4-7877-49B4-B697-1FE435FE0EE5}.Debug|x86.Build.0 = Debug|Win32
		{37CF91D4-7877-49B4-B697-1FE435FE0EE5}.Release|x64.ActiveCfg = Release|x64
		{37CF91D4-7877-49B4-B697-1FE435FE0EE5}.Release|x64.Build.0 = Release|x64
		{37CF91D4-7877-49B4-B697-1FE435FE0EE5}.Release|x86.ActiveCfg = Release|Win32
		{37CF91D4-7877-49B4-B697-1FE435FE0EE5}.Release|x86.Build.0 = Release|Win32
		{10B82B60-9A4B-49A9-8D3A-5BA08C435487}.Debug|x64.ActiveCfg = Debug|x64
		{10B82B60-9A4B-49A9-8D3A-5BA08C435487}.Debug|x64.Build.0 = Debug|x64
		{10B82B60-9A4B-49A9-8D3A-5BA08C435487}.Debug|x86.ActiveCfg = Debug|Win32
		{10B82B60-9A4B-49A9-8D3A-5BA08C435487}.Debug|x86.Build.0 = Debug|Win32
		{10B82B60-9A4B-49A9-8D3A-5BA08C435487}.Release|x64.ActiveCfg = Release|x64
		{10B82B60-9A4B-49A9-8D3A-5BA08C435487}.Release|x64.Build.0 = Release|x64
		{10B82B60-9A4B-49A9-8D3A-5BA08C435487}.Release|x86.ActiveCfg = Release|Win32
		{10B82B60-9A4B-49A9-8D3A-5BA08C435487}.Release|x86.Build.0 = Release|Win32
		{CBFA6C31-8665-416A-A485-89A01FA80060}.Debug|x64.ActiveCfg = Debug|x64
		{CBFA6C31-8665-416A-A485-89A01FA80060}.Debug|x64.Build.0 = Debug|x64
		{CBFA6C31-8665-416A-A485-89A01FA80060}.Debug|x86.ActiveCfg = Debug|Win32
		{CBFA6C31-8665-416A-A485-89A01FA80060}.Debug|x86.Build.0 = Debug|Win32
		{CBFA6C31-8665-416A-A485-89A01FA80060}.Release|x64.ActiveCfg = Release|x64
		{CBFA6C31-8665-416A-A485-89A01FA80060}.Release|x64.Build.0 = Release|x64
		{CBFA6C31-8665-416A-A485-89A01FA80060}.Release|x86.ActiveCfg = Release|Win32
		{CBFA6C31-8665-416A-A485-89A01FA80060}.Release|x86.Build.0 = Release|Win32
		{D032B2ED-1093-4190-A0D2-B61B27E61476}.Debug|x64.ActiveCfg = Debug|x64
		{D032B2ED-1093-4190-A0D2-B61B27E61476}.Debug|x64.Build.0 = Debug|x64
		{D032B2ED-1093-4190-A0D2-B61B27E61476}.Debug|x86.ActiveCfg = Debug|Win32
		{D032B2ED-1093-4190-A0D2-B61B27E61476}.Debug|x86.Build.0 = Debug|Win32
		{D032B2ED-1093-4190-A0D2-B61B27E61476}.Release|x64.ActiveCfg = Release|x64
		{D032B2ED-1093-4190-A0D2-B61B27E61476}.Release|x64.Build.0 = Release|x64
		{D032B2ED-1093-4190-A0D2-B61B27E61476}.Release|x86.ActiveCfg = Release|Win32
		{D032B2ED-1093-4190-A0D2-B61B27E61476}.Release|x86.Build.0 = Release|Win32
		{89A043EB-29A3-4D64-9FB4-5C92690A0FB6}.Debug|x64.ActiveCfg = Debug|x64
		{89A043EB-29A3-4D64-9FB4-5C92690A0FB6}.Debug|x64.Build.0 = Debug|x64
		{89A043EB-29A3-4D64-9FB4-5C92690A0FB6}.Debug|x86.ActiveCfg = Debug|Win32
		{89A043EB-29A3-4D64-9FB4-5C92690A0FB6}.Debug|x86.Build.0 = Debug|Win32
		{89A043EB-29A3-4D64-9FB4-5C92690A0FB6}.Release|x64.ActiveCfg = Release|x64
		{89A043EB-29A3-4D64-9FB4-5C92690A0FB6}.Release|x64.Build.0 = Release|x64
		{89A043EB-29A3-4D64-9FB4-5C92690A0FB6}.Release|x86.ActiveCfg = Release|Win32
		{89A043EB-29A3-4D64-9FB4-5C92690A0FB6}.Release|x86.Build.0 = Release|Win32
		{8AE7876C-6CEE-456D-A560-19D25236E19B}.Debug|x64.ActiveCfg = Debug|x64
		{8AE7876C-6CEE-456D-A560-19D25236E19B}.Debug|x64.Build.0 = Debug|x64
		{8AE7876C-6CEE-456D-A560-19D25236E19B}.Debug|x86.ActiveCfg = Debug|Win32
		{8AE7876C-6CEE-456D-A560-19D25236E19B}.Debug|x86.Build.0 = Debug|Win32
		{8AE7876C-6CEE-456D-A560-19D25236E19B}.Release|x64.ActiveCfg = Release|x64
		{8AE7876C-6CEE-456D-A560-19D25236E19B}.Release|x64.Build.0 = Release|x64
		{8AE7876C-6CEE-456D-A560-19D25236E19B}.Release|x86.ActiveCfg = Release|Win32
		{8AE7876C-6CEE-456D-A560-19D25236E19B}.Release|x86.Build.0 = Release|Win32
		{00158D09-F656-4662-8E82-B8A6471E50D2}.Debug|x64.ActiveCfg = Debug|x64
		{00158D09-F656-4662-8E82-B8A6471E50D2}.Debug|x64.Build.0 = Debug|x64
		{00158D09-F656-4662-8E82-B8A6471E50D2}.Debug|x86.ActiveCfg = Debug|Win32
		{00158D09-F656-4662-8E82-B8A6471E50D2}.Debug|x86.Build.0 = Debug|Win32
		{00158D09-F656-4662-8E82-B8A6471E50D2}.Release|x64.ActiveCfg = Release|x64
		{00158D09-F656-4662-8E82-B8A6471E50D2}.Release|x64.Build.0 = Release|x64
		{00158D09-F656-4662-8E82-B8A6471E50D2}.Release|x86.ActiveCfg = Release|Win32
		{00158D09-F656-4662-8E82-B8A6471E50D2}.Release|x86.Build.0 = Release|Win32
		{3411D635-8AE5-4B72-B33B-F5F1DD3B9174}.Debug|x64.ActiveCfg = Debug|x64
		{3411D635-8AE5-4B72-B33B-F5F1DD3B9174}.Debug|x64.Build.0 = Debug|x64
		{3411D635-8AE5-4B72-B33B-F5F1DD3B9174}.Debug|x86.ActiveCfg = Debug|Win32
		{3411D635-8AE5-4B72-B33B-F5F1DD3B9174}.Debug|x86.Build.0 = Debug|Win32
		{3411D635-8AE5-4B72-B33B-F5F1DD3B9174}.Release|x64.ActiveCfg = Release|x64
		{3411D635-8AE5-4B72-B33B-F5F1DD3B9174}.Release|x64.Build.0 = Release|x64
		{3411D635-8AE5-4B72-B33B-F5F1DD3B9174}.Release|x86.ActiveCfg = Release|Win32
		{3411D635-8AE5-4B72-B33B-F5F1DD3B9174}.Release|x86.Build.0 = Release|Win32
		{5E31461A-E2CE-4206-BF66-EA1F69F7D32D}.Debug|x64.ActiveCfg = Debug|x64
		{5E31461A-E2CE-4206-BF66-EA1F69F7D32D}.Debug|x64.Build.0 = Debug|x64
		{5E31461A-E2CE-4206-BF66-EA1F69F7D32D}.Debug|x86.ActiveCfg = Debug|Win32
		{5E31461A-E2CE-4206-BF66-EA1F69F7D32D}.Debug|x86.Build.0 = Debug|Win32
		{5E31461A-E2CE-4206-BF66-EA1F69F7D32D}.Release|x64.ActiveCfg = Release|x64
		{5E31461A-E2CE-4206-BF66-EA1F69F7D32D}.Release|x64.Build.0 = Release|x64
		{5E31461A-E2CE-4206-BF66-EA1F69F7D32D}.Release|x86.ActiveCfg = Release|Win32
		{5E31461A-E2CE-4206-BF66-EA1F69F7D32D}.Release|x86.Build.0 = Release|Win32
		{E789C2F0-599D-4C18-BD71-B615B701460C}.Debug|x64.ActiveCfg = Debug|x64
		{E789C2F0-599D-4C18-BD71-B615B701460C}.Debug|x64.Build.0 = Debug|x64
		{E789C2F0-599D-4C18-BD71-B615B701460C}.Debug|x86.ActiveCfg = Debug|Win32
		{E789C2F0-599D-4C18-BD71-B615B701460C}.Debug|x86.Build.0 = Debug|Win32
		{E789C2F0-599D-4C18-BD71-B615B701460C}.Release|x64.ActiveCfg = Release|x64
		{E789C2F0-599D-4C18-BD71-B615B701460C}.Release|x64.Build.0 = Release|x64
		{E789C2F0-599D-4C18-BD71-B615B701460C}.Release|x86.ActiveCfg = Release|Win32
		{E789C2F0-599D-4C18-BD71-B615B701460C}.Release|x86.Build.0 = Release|Win32
		{5111199D-B89E-4410-BF07-2F9EFA161042}.Debug|x64.ActiveCfg = Debug|x64
		{5111199D-B89E-4410-BF07-2F9EFA161042}.Debug|x64.Build.0 = Debug|x64
		{5111199D-B89E-4410-BF07-2F9EFA161042}.Debug|x86.ActiveCfg = Debug|Win32
		{5111199D-B89E-4410-BF07-2F9EFA161042}.Debug|x86.Build.0 = Debug|Win32
		{5111199D-B89E-4410-BF07-2F9EFA161042}.Release|x64.ActiveCfg = Release|x64
		{5111199D-B89E-4410-BF07-2F9EFA161042}.Release|x64.Build.0 = Release|x64
		{5111199D-B89E-4410-BF07-2F9EFA161042}.Release|x86.ActiveCfg = Release|Win32
		{5111199D-B89E-4410-BF07-2F9EFA161042}.Release|x86.Build.0 = Release|Win32
		{A4C0E71F-04CE-4929-982A-604E5B51198F}.Debug|x64.ActiveCfg = Debug|x64
		{A4C0E71F-04CE-4929-982A-604E5B51198F}.Debug|x64.Build.0 = Debug|x64
		{A4C0E71F-04CE-4929-982A-604E5B51198F}.Debug|x86.ActiveCfg = Debug|Win32
		{A4C0E71F-04CE-4929-982A-604E5B51198F}.Debug|x86.Build.0 = Debug|Win32
		{A4C0E71F-04CE-4929-982A-604E5B51198F}.Release|x64.ActiveCfg = Release|x64
		{A4C0E71F-04CE-4929-982A-604E5B51198F}.Release|x64.Build.0 = Release|x64
		{A4C0E71F-04CE-4929-982A-604E5B51198F}.Release|x86.ActiveCfg = Release|Win32
		{A4C0E71F-04CE-4929-982A-604E5B51198F}.Release|x86.Build.0 = Release|Win32
		{A6191A9D-15D8-4DC0-A55B-CB2599B852EF}.Debug|x64.ActiveCfg = Debug|x64
		{A6191A9D-15D8-4DC0-A55B-CB2599B852EF}.Debug|x64.Build.0 = Debug|x64
		{A6191A9D-15D8-4DC0-A55B-CB2599B852EF}.Debug|x86.ActiveCfg = Debug|Win32
		{A6191A9D-15D8-4DC0-A55B-CB2599B852EF}.Debug|x86.Build.0 = Debug|Win32
		{A6191A9D-15D8-4DC0-A55B-CB2599B852EF}.Release|x64.ActiveCfg = Release|x64
		{A6191A9D-15D8-4DC0-A55B-CB2599B852EF}.Release|x64.Build.0 = Release|x64
		{A6191A9D-15D8-4DC0-A55B-CB2599B852EF}.Release|x86.ActiveCfg = Release|Win32
		{A6191A9D-15D8-4DC0-A55B-CB2599B852EF}.Release|x86.Build.0 = Release|Win32
	EndGlobalSection
	GlobalSection(SolutionProperties) = preSolution
		HideSolutionNode = FALSE
	EndGlobalSection
	GlobalSection(ExtensibilityGlobals) = postSolution
		SolutionGuid = {30968F98-05F0-4E5E-837E-3F6AE00B6E62}
	EndGlobalSection
EndGlobal
